<Solution>
  <Folder Name="/src/">
    <Project Path="src/XivLinkpearl.Core/XivLinkpearl.Core.csproj" />
    <Project Path="src/XivLinkpearl.Plugin/XivLinkpearl.Plugin.csproj" />
    <Project Path="bindings/csharp/Linkpearl/Linkpearl.csproj" />
  </Folder>
  <Folder Name="/tests/">
    <Project Path="tests/XivLinkpearl.Core.Tests/XivLinkpearl.Core.Tests.csproj" />
    <Project Path="bindings/csharp/Linkpearl.Tests/Linkpearl.Tests.csproj" />
  </Folder>
</Solution>
